
Microsoft Visual Studio Solution File, Format Version 12.00
# Visual Studio Version 16
VisualStudioVersion = 16.0.30907.101
MinimumVisualStudioVersion = 10.0.40219.1
Project("{FAE04EC0-301F-11D3-BF4B-00C04F79EFBC}") = "AkkaHelloWinForms", "AkkaHelloWinForms\AkkaHelloWinForms.csproj", "{83FCCA0C-A36E-4251-92C2-AA2E678AAA7D}"
EndProject
Global
	GlobalSection(SolutionConfigurationPlatforms) = preSolution
		Debug|Any CPU = Debug|Any CPU
		Release|Any CPU = Release|Any CPU
	EndGlobalSection
	GlobalSection(ProjectConfigurationPlatforms) = postSolution
		{83FCCA0C-A36E-4251-92C2-AA2E678AAA7D}.Debug|Any CPU.ActiveCfg = Debug|Any CPU
		{83FCCA0C-A36E-4251-92C2-AA2E678AAA7D}.Debug|Any CPU.Build.0 = Debug|Any CPU
		{83FCCA0C-A36E-4251-92C2-AA2E678AAA7D}.Release|Any CPU.ActiveCfg = Release|Any CPU
		{83FCCA0C-A36E-4251-92C2-AA2E678AAA7D}.Release|Any CPU.Build.0 = Release|Any CPU
	EndGlobalSection
	GlobalSection(SolutionProperties) = preSolution
		HideSolutionNode = FALSE
	EndGlobalSection
	GlobalSection(ExtensibilityGlobals) = postSolution
		SolutionGuid = {F95AB048-974C-4E32-A423-71BB5C33C3C6}
	EndGlobalSection
EndGlobal
